
Microsoft Visual Studio Solution File, Format Version 12.00
# Visual Studio Version 17
VisualStudioVersion = 17.8.34330.188
MinimumVisualStudioVersion = 10.0.40219.1
Project("{FAE04EC0-301F-11D3-BF4B-00C04F79EFBC}") = "problema_C", "problema_C\problema_C.csproj", "{F292BC2A-4BC0-4E12-BB0F-301BFE7BD017}"
EndProject
Global
	GlobalSection(SolutionConfigurationPlatforms) = preSolution
		Debug|Any CPU = Debug|Any CPU
		Release|Any CPU = Release|Any CPU
	EndGlobalSection
	GlobalSection(ProjectConfigurationPlatforms) = postSolution
		{F292BC2A-4BC0-4E12-BB0F-301BFE7BD017}.Debug|Any CPU.ActiveCfg = Debug|Any CPU
		{F292BC2A-4BC0-4E12-BB0F-301BFE7BD017}.Debug|Any CPU.Build.0 = Debug|Any CPU
		{F292BC2A-4BC0-4E12-BB0F-301BFE7BD017}.Release|Any CPU.ActiveCfg = Release|Any CPU
		{F292BC2A-4BC0-4E12-BB0F-301BFE7BD017}.Release|Any CPU.Build.0 = Release|Any CPU
	EndGlobalSection
	GlobalSection(SolutionProperties) = preSolution
		HideSolutionNode = FALSE
	EndGlobalSection
	GlobalSection(ExtensibilityGlobals) = postSolution
		SolutionGuid = {A86FD3A8-CD16-45A6-9CDE-27ECEB1D9B84}
	EndGlobalSection
EndGlobal
